
Microsoft Visual Studio Solution File, Format Version 12.00
# Visual Studio Version 17
VisualStudioVersion = 17.13.35931.197 d17.13
MinimumVisualStudioVersion = 10.0.40219.1
Project("{FAE04EC0-301F-11D3-BF4B-00C04F79EFBC}") = "fragment-detection", "fragment-detection\fragment-detection.csproj", "{C5C27B28-52CE-E9DD-7CC8-F3E1E04D77F2}"
EndProject
Project("{FAE04EC0-301F-11D3-BF4B-00C04F79EFBC}") = "fragment-detection.Desktop", "fragment-detection.Desktop\fragment-detection.Desktop.csproj", "{719C2EA0-071C-5A99-5208-DFF3AED81AAC}"
EndProject
Global
	GlobalSection(SolutionConfigurationPlatforms) = preSolution
		Debug|Any CPU = Debug|Any CPU
		Release|Any CPU = Release|Any CPU
	EndGlobalSection
	GlobalSection(ProjectConfigurationPlatforms) = postSolution
		{C5C27B28-52CE-E9DD-7CC8-F3E1E04D77F2}.Debug|Any CPU.ActiveCfg = Debug|Any CPU
		{C5C27B28-52CE-E9DD-7CC8-F3E1E04D77F2}.Debug|Any CPU.Build.0 = Debug|Any CPU
		{C5C27B28-52CE-E9DD-7CC8-F3E1E04D77F2}.Release|Any CPU.ActiveCfg = Release|Any CPU
		{C5C27B28-52CE-E9DD-7CC8-F3E1E04D77F2}.Release|Any CPU.Build.0 = Release|Any CPU
		{719C2EA0-071C-5A99-5208-DFF3AED81AAC}.Debug|Any CPU.ActiveCfg = Debug|Any CPU
		{719C2EA0-071C-5A99-5208-DFF3AED81AAC}.Debug|Any CPU.Build.0 = Debug|Any CPU
		{719C2EA0-071C-5A99-5208-DFF3AED81AAC}.Release|Any CPU.ActiveCfg = Release|Any CPU
		{719C2EA0-071C-5A99-5208-DFF3AED81AAC}.Release|Any CPU.Build.0 = Release|Any CPU
	EndGlobalSection
	GlobalSection(SolutionProperties) = preSolution
		HideSolutionNode = FALSE
	EndGlobalSection
	GlobalSection(ExtensibilityGlobals) = postSolution
		SolutionGuid = {4229E023-6A68-4E6B-B7CD-5DAE9C6EB617}
	EndGlobalSection
EndGlobal
